
Microsoft Visual Studio Solution File, Format Version 12.00
# Visual Studio Version 16
VisualStudioVersion = 16.0.29709.97
MinimumVisualStudioVersion = 10.0.40219.1
Project("{9A19103F-16F7-4668-BE54-9A1E7A4F7556}") = "BSSL_SIWES.Web", "BSSL_SIWES.Web\BSSL_SIWES.Web.csproj", "{5B6F3A5C-A3D7-43C4-8785-3D37881ED260}"
EndProject
Project("{9A19103F-16F7-4668-BE54-9A1E7A4F7556}") = "SiwesData", "SiwesData\SiwesData.csproj", "{9C2CBD05-E797-4FF8-ACEC-1222EE11FFFC}"
EndProject
Global
	GlobalSection(SolutionConfigurationPlatforms) = preSolution
		Debug|Any CPU = Debug|Any CPU
		Release|Any CPU = Release|Any CPU
	EndGlobalSection
	GlobalSection(ProjectConfigurationPlatforms) = postSolution
		{5B6F3A5C-A3D7-43C4-8785-3D37881ED260}.Debug|Any CPU.ActiveCfg = Debug|Any CPU
		{5B6F3A5C-A3D7-43C4-8785-3D37881ED260}.Debug|Any CPU.Build.0 = Debug|Any CPU
		{5B6F3A5C-A3D7-43C4-8785-3D37881ED260}.Release|Any CPU.ActiveCfg = Release|Any CPU
		{5B6F3A5C-A3D7-43C4-8785-3D37881ED260}.Release|Any CPU.Build.0 = Release|Any CPU
		{9C2CBD05-E797-4FF8-ACEC-1222EE11FFFC}.Debug|Any CPU.ActiveCfg = Debug|Any CPU
		{9C2CBD05-E797-4FF8-ACEC-1222EE11FFFC}.Debug|Any CPU.Build.0 = Debug|Any CPU
		{9C2CBD05-E797-4FF8-ACEC-1222EE11FFFC}.Release|Any CPU.ActiveCfg = Release|Any CPU
		{9C2CBD05-E797-4FF8-ACEC-1222EE11FFFC}.Release|Any CPU.Build.0 = Release|Any CPU
	EndGlobalSection
	GlobalSection(SolutionProperties) = preSolution
		HideSolutionNode = FALSE
	EndGlobalSection
	GlobalSection(ExtensibilityGlobals) = postSolution
		SolutionGuid = {2F46C328-CBFC-4AC5-9D47-2548B334A18B}
	EndGlobalSection
EndGlobal
